# THIS IS AN AUTOGENERATED FILE. DO NOT EDIT THIS FILE DIRECTLY.
# yarn lockfile v1


"@types/jquery@^3.3.35":
  version "3.3.35"
  resolved "https://registry.npm.taobao.org/@types/jquery/download/@types/jquery-3.3.35.tgz?cache=0&sync_timestamp=1586993791881&other_urls=https%3A%2F%2Fregistry.npm.taobao.org%2F%40types%2Fjquery%2Fdownload%2F%40types%2Fjquery-3.3.35.tgz#ab2cbf97e7a04b4dc0faee22b93c633fa540891c"
  integrity sha1-qyy/l+egS03A+u4iuTxjP6VAiRw=
  dependencies:
    "@types/sizzle" "*"

"@types/sizzle@*":
  version "2.3.2"
  resolved "https://registry.npm.taobao.org/@types/sizzle/download/@types/sizzle-2.3.2.tgz?cache=0&sync_timestamp=1580844073422&other_urls=https%3A%2F%2Fregistry.npm.taobao.org%2F%40types%2Fsizzle%2Fdownload%2F%40types%2Fsizzle-2.3.2.tgz#a811b8c18e2babab7d542b3365887ae2e4d9de47"
  integrity sha1-qBG4wY4rq6t9VCszZYh64uTZ3kc=

typescript@^3.8.3:
  version "3.8.3"
  resolved "https://registry.npm.taobao.org/typescript/download/typescript-3.8.3.tgz?cache=0&other_urls=https%3A%2F%2Fregistry.npm.taobao.org%2Ftypescript%2Fdownload%2Ftypescript-3.8.3.tgz#409eb8544ea0335711205869ec458ab109ee1061"
  integrity sha1-QJ64VE6gM1cRIFhp7EWKsQnuEGE=
